
Microsoft Visual Studio Solution File, Format Version 12.00
# Visual Studio Version 16
VisualStudioVersion = 16.0.31424.327
MinimumVisualStudioVersion = 10.0.40219.1
Project("{9A19103F-16F7-4668-BE54-9A1E7A4F7556}") = "Proyecto-Demo", "Proyecto-Demo\Proyecto-Demo.csproj", "{D49EE12D-4E90-4621-97BF-66E130632F6D}"
EndProject
Project("{FAE04EC0-301F-11D3-BF4B-00C04F79EFBC}") = "WebAPIArticulos", "WebAPIArticulos\WebAPIArticulos.csproj", "{62218F67-D2EB-4460-8A1B-A5F35789D000}"
EndProject
Global
	GlobalSection(SolutionConfigurationPlatforms) = preSolution
		Debug|Any CPU = Debug|Any CPU
		Release|Any CPU = Release|Any CPU
	EndGlobalSection
	GlobalSection(ProjectConfigurationPlatforms) = postSolution
		{D49EE12D-4E90-4621-97BF-66E130632F6D}.Debug|Any CPU.ActiveCfg = Debug|Any CPU
		{D49EE12D-4E90-4621-97BF-66E130632F6D}.Debug|Any CPU.Build.0 = Debug|Any CPU
		{D49EE12D-4E90-4621-97BF-66E130632F6D}.Release|Any CPU.ActiveCfg = Release|Any CPU
		{D49EE12D-4E90-4621-97BF-66E130632F6D}.Release|Any CPU.Build.0 = Release|Any CPU
		{62218F67-D2EB-4460-8A1B-A5F35789D000}.Debug|Any CPU.ActiveCfg = Debug|Any CPU
		{62218F67-D2EB-4460-8A1B-A5F35789D000}.Debug|Any CPU.Build.0 = Debug|Any CPU
		{62218F67-D2EB-4460-8A1B-A5F35789D000}.Release|Any CPU.ActiveCfg = Release|Any CPU
		{62218F67-D2EB-4460-8A1B-A5F35789D000}.Release|Any CPU.Build.0 = Release|Any CPU
	EndGlobalSection
	GlobalSection(SolutionProperties) = preSolution
		HideSolutionNode = FALSE
	EndGlobalSection
	GlobalSection(ExtensibilityGlobals) = postSolution
		SolutionGuid = {82228572-4E42-4D47-8E25-E1D44991854B}
	EndGlobalSection
EndGlobal
